
Microsoft Visual Studio Solution File, Format Version 12.00
# Visual Studio 14
VisualStudioVersion = 14.0.25123.0
MinimumVisualStudioVersion = 10.0.40219.1
Project("{FAE04EC0-301F-11D3-BF4B-00C04F79EFBC}") = "RobotBase", "RobotBase\RobotBase.csproj", "{63D901EA-57A0-431B-A6FF-BEA3850ABEFE}"
EndProject
Project("{FAE04EC0-301F-11D3-BF4B-00C04F79EFBC}") = "LibRuntime", "LibRuntime\LibRuntime.csproj", "{B5DC5A77-3214-447D-93DA-07D3A949F19F}"
EndProject
Project("{FAE04EC0-301F-11D3-BF4B-00C04F79EFBC}") = "RobotAbstraction", "RobotAbstraction\RobotAbstraction.csproj", "{F6EB1C7D-0CF0-4F09-846E-34B2843E3BAF}"
EndProject
Project("{FAE04EC0-301F-11D3-BF4B-00C04F79EFBC}") = "Behaviors", "Behaviors\Behaviors.csproj", "{D826F366-006E-45C9-A9D9-FC47CB793E3D}"
EndProject
Project("{FAE04EC0-301F-11D3-BF4B-00C04F79EFBC}") = "RobotPlucky", "RobotPlucky\RobotPlucky.csproj", "{732B1F42-5367-441C-A415-048EBB6690DF}"
EndProject
Project("{FAE04EC0-301F-11D3-BF4B-00C04F79EFBC}") = "RobotPluckyImpl", "RobotPluckyImpl\RobotPluckyImpl.csproj", "{94F85FFC-35F7-4007-B06A-52E041AD9E12}"
EndProject
Project("{FAE04EC0-301F-11D3-BF4B-00C04F79EFBC}") = "ControlDevices", "ControlDevices\ControlDevices.csproj", "{DF5797D7-1709-4C05-88DE-312FCED2AE41}"
EndProject
Project("{FAE04EC0-301F-11D3-BF4B-00C04F79EFBC}") = "cmRobot.ElementUW", "Hardware\cmRobot.ElementUW\cmRobot.ElementUW.csproj", "{067AC9BD-F314-4E46-BF20-8991337127F0}"
EndProject
Project("{FAE04EC0-301F-11D3-BF4B-00C04F79EFBC}") = "LibCommunication", "LibCommunication\LibCommunication.csproj", "{B80C01E4-F405-457F-9B98-8E258CB82085}"
EndProject
Project("{FAE04EC0-301F-11D3-BF4B-00C04F79EFBC}") = "Display", "Display\Display.csproj", "{335DF153-A33E-4628-B9E3-03D30863CCA6}"
EndProject
Project("{FAE04EC0-301F-11D3-BF4B-00C04F79EFBC}") = "DisplayWebServer", "DisplayWebServer\DisplayWebServer.csproj", "{64C61CCE-D901-4191-8AB5-25273B6BFAFA}"
EndProject
Project("{FAE04EC0-301F-11D3-BF4B-00C04F79EFBC}") = "ArduinoRobotHardware", "Hardware\ArduinoRobotHardware\ArduinoRobotHardware.csproj", "{A12E149A-FE5C-4BF7-AEE9-858DF803D52F}"
EndProject
Project("{FAE04EC0-301F-11D3-BF4B-00C04F79EFBC}") = "RobotShorty", "RobotShorty\RobotShorty.csproj", "{70C0E13C-CABA-4777-8801-CDFA7EFED31B}"
EndProject
Project("{FAE04EC0-301F-11D3-BF4B-00C04F79EFBC}") = "RobotShortyImpl", "RobotShortyImpl\RobotShortyImpl.csproj", "{C6987C0B-6676-4D69-A486-0132AA6D5817}"
EndProject
Project("{FAE04EC0-301F-11D3-BF4B-00C04F79EFBC}") = "LibRobotSLAM", "LibRobotSLAM\LibRobotSLAM.csproj", "{8150C19F-5151-47F7-B169-ECCCF27CC2E5}"
EndProject
Project("{FAE04EC0-301F-11D3-BF4B-00C04F79EFBC}") = "LibMapping", "LibMapping\LibMapping.csproj", "{D04360B2-B477-494D-B046-F681D4A51366}"
EndProject
Project("{FAE04EC0-301F-11D3-BF4B-00C04F79EFBC}") = "LibRobotDrive", "LibRobotDrive\LibRobotDrive.csproj", "{49195127-CF6C-451A-9EAF-BD14ED1F9937}"
EndProject
Project("{FAE04EC0-301F-11D3-BF4B-00C04F79EFBC}") = "LibRobotExceptions", "LibRobotExceptions\LibRobotExceptions.csproj", "{0762420C-0870-4A23-BE4E-0D7CE21DD451}"
EndProject
Project("{FAE04EC0-301F-11D3-BF4B-00C04F79EFBC}") = "LibSensors", "LibSensors\LibSensors.csproj", "{F696AE4E-EBB6-41EA-A39C-5E3FDBDAD983}"
EndProject
Project("{FAE04EC0-301F-11D3-BF4B-00C04F79EFBC}") = "LibRobotMath", "LibRobotMath\LibRobotMath.csproj", "{B7C6EBC7-9E5F-4D59-9E18-EB4FEF97043B}"
EndProject
Project("{FAE04EC0-301F-11D3-BF4B-00C04F79EFBC}") = "LibSystem", "LibSystem\LibSystem.csproj", "{2D8B251F-77B3-4F13-BEA9-21E1ED5E0936}"
EndProject
Global
	GlobalSection(SolutionConfigurationPlatforms) = preSolution
		Debug|Any CPU = Debug|Any CPU
		Debug|ARM = Debug|ARM
		Debug|x64 = Debug|x64
		Debug|x86 = Debug|x86
		Release|Any CPU = Release|Any CPU
		Release|ARM = Release|ARM
		Release|x64 = Release|x64
		Release|x86 = Release|x86
	EndGlobalSection
	GlobalSection(ProjectConfigurationPlatforms) = postSolution
		{63D901EA-57A0-431B-A6FF-BEA3850ABEFE}.Debug|Any CPU.ActiveCfg = Debug|Any CPU
		{63D901EA-57A0-431B-A6FF-BEA3850ABEFE}.Debug|Any CPU.Build.0 = Debug|Any CPU
		{63D901EA-57A0-431B-A6FF-BEA3850ABEFE}.Debug|ARM.ActiveCfg = Debug|ARM
		{63D901EA-57A0-431B-A6FF-BEA3850ABEFE}.Debug|ARM.Build.0 = Debug|ARM
		{63D901EA-57A0-431B-A6FF-BEA3850ABEFE}.Debug|x64.ActiveCfg = Debug|x64
		{63D901EA-57A0-431B-A6FF-BEA3850ABEFE}.Debug|x64.Build.0 = Debug|x64
		{63D901EA-57A0-431B-A6FF-BEA3850ABEFE}.Debug|x86.ActiveCfg = Debug|x86
		{63D901EA-57A0-431B-A6FF-BEA3850ABEFE}.Debug|x86.Build.0 = Debug|x86
		{63D901EA-57A0-431B-A6FF-BEA3850ABEFE}.Release|Any CPU.ActiveCfg = Release|Any CPU
		{63D901EA-57A0-431B-A6FF-BEA3850ABEFE}.Release|Any CPU.Build.0 = Release|Any CPU
		{63D901EA-57A0-431B-A6FF-BEA3850ABEFE}.Release|ARM.ActiveCfg = Release|ARM
		{63D901EA-57A0-431B-A6FF-BEA3850ABEFE}.Release|ARM.Build.0 = Release|ARM
		{63D901EA-57A0-431B-A6FF-BEA3850ABEFE}.Release|x64.ActiveCfg = Release|x64
		{63D901EA-57A0-431B-A6FF-BEA3850ABEFE}.Release|x64.Build.0 = Release|x64
		{63D901EA-57A0-431B-A6FF-BEA3850ABEFE}.Release|x86.ActiveCfg = Release|x86
		{63D901EA-57A0-431B-A6FF-BEA3850ABEFE}.Release|x86.Build.0 = Release|x86
		{B5DC5A77-3214-447D-93DA-07D3A949F19F}.Debug|Any CPU.ActiveCfg = Debug|Any CPU
		{B5DC5A77-3214-447D-93DA-07D3A949F19F}.Debug|Any CPU.Build.0 = Debug|Any CPU
		{B5DC5A77-3214-447D-93DA-07D3A949F19F}.Debug|ARM.ActiveCfg = Debug|ARM
		{B5DC5A77-3214-447D-93DA-07D3A949F19F}.Debug|ARM.Build.0 = Debug|ARM
		{B5DC5A77-3214-447D-93DA-07D3A949F19F}.Debug|x64.ActiveCfg = Debug|x64
		{B5DC5A77-3214-447D-93DA-07D3A949F19F}.Debug|x64.Build.0 = Debug|x64
		{B5DC5A77-3214-447D-93DA-07D3A949F19F}.Debug|x86.ActiveCfg = Debug|x86
		{B5DC5A77-3214-447D-93DA-07D3A949F19F}.Debug|x86.Build.0 = Debug|x86
		{B5DC5A77-3214-447D-93DA-07D3A949F19F}.Release|Any CPU.ActiveCfg = Release|Any CPU
		{B5DC5A77-3214-447D-93DA-07D3A949F19F}.Release|Any CPU.Build.0 = Release|Any CPU
		{B5DC5A77-3214-447D-93DA-07D3A949F19F}.Release|ARM.ActiveCfg = Release|ARM
		{B5DC5A77-3214-447D-93DA-07D3A949F19F}.Release|ARM.Build.0 = Release|ARM
		{B5DC5A77-3214-447D-93DA-07D3A949F19F}.Release|x64.ActiveCfg = Release|x64
		{B5DC5A77-3214-447D-93DA-07D3A949F19F}.Release|x64.Build.0 = Release|x64
		{B5DC5A77-3214-447D-93DA-07D3A949F19F}.Release|x86.ActiveCfg = Release|x86
		{B5DC5A77-3214-447D-93DA-07D3A949F19F}.Release|x86.Build.0 = Release|x86
		{F6EB1C7D-0CF0-4F09-846E-34B2843E3BAF}.Debug|Any CPU.ActiveCfg = Debug|Any CPU
		{F6EB1C7D-0CF0-4F09-846E-34B2843E3BAF}.Debug|Any CPU.Build.0 = Debug|Any CPU
		{F6EB1C7D-0CF0-4F09-846E-34B2843E3BAF}.Debug|ARM.ActiveCfg = Debug|ARM
		{F6EB1C7D-0CF0-4F09-846E-34B2843E3BAF}.Debug|ARM.Build.0 = Debug|ARM
		{F6EB1C7D-0CF0-4F09-846E-34B2843E3BAF}.Debug|x64.ActiveCfg = Debug|x64
		{F6EB1C7D-0CF0-4F09-846E-34B2843E3BAF}.Debug|x64.Build.0 = Debug|x64
		{F6EB1C7D-0CF0-4F09-846E-34B2843E3BAF}.Debug|x86.ActiveCfg = Debug|x86
		{F6EB1C7D-0CF0-4F09-846E-34B2843E3BAF}.Debug|x86.Build.0 = Debug|x86
		{F6EB1C7D-0CF0-4F09-846E-34B2843E3BAF}.Release|Any CPU.ActiveCfg = Release|Any CPU
		{F6EB1C7D-0CF0-4F09-846E-34B2843E3BAF}.Release|Any CPU.Build.0 = Release|Any CPU
		{F6EB1C7D-0CF0-4F09-846E-34B2843E3BAF}.Release|ARM.ActiveCfg = Release|ARM
		{F6EB1C7D-0CF0-4F09-846E-34B2843E3BAF}.Release|ARM.Build.0 = Release|ARM
		{F6EB1C7D-0CF0-4F09-846E-34B2843E3BAF}.Release|x64.ActiveCfg = Release|x64
		{F6EB1C7D-0CF0-4F09-846E-34B2843E3BAF}.Release|x64.Build.0 = Release|x64
		{F6EB1C7D-0CF0-4F09-846E-34B2843E3BAF}.Release|x86.ActiveCfg = Release|x86
		{F6EB1C7D-0CF0-4F09-846E-34B2843E3BAF}.Release|x86.Build.0 = Release|x86
		{D826F366-006E-45C9-A9D9-FC47CB793E3D}.Debug|Any CPU.ActiveCfg = Debug|Any CPU
		{D826F366-006E-45C9-A9D9-FC47CB793E3D}.Debug|Any CPU.Build.0 = Debug|Any CPU
		{D826F366-006E-45C9-A9D9-FC47CB793E3D}.Debug|ARM.ActiveCfg = Debug|ARM
		{D826F366-006E-45C9-A9D9-FC47CB793E3D}.Debug|ARM.Build.0 = Debug|ARM
		{D826F366-006E-45C9-A9D9-FC47CB793E3D}.Debug|x64.ActiveCfg = Debug|x64
		{D826F366-006E-45C9-A9D9-FC47CB793E3D}.Debug|x64.Build.0 = Debug|x64
		{D826F366-006E-45C9-A9D9-FC47CB793E3D}.Debug|x86.ActiveCfg = Debug|x86
		{D826F366-006E-45C9-A9D9-FC47CB793E3D}.Debug|x86.Build.0 = Debug|x86
		{D826F366-006E-45C9-A9D9-FC47CB793E3D}.Release|Any CPU.ActiveCfg = Release|Any CPU
		{D826F366-006E-45C9-A9D9-FC47CB793E3D}.Release|Any CPU.Build.0 = Release|Any CPU
		{D826F366-006E-45C9-A9D9-FC47CB793E3D}.Release|ARM.ActiveCfg = Release|ARM
		{D826F366-006E-45C9-A9D9-FC47CB793E3D}.Release|ARM.Build.0 = Release|ARM
		{D826F366-006E-45C9-A9D9-FC47CB793E3D}.Release|x64.ActiveCfg = Release|x64
		{D826F366-006E-45C9-A9D9-FC47CB793E3D}.Release|x64.Build.0 = Release|x64
		{D826F366-006E-45C9-A9D9-FC47CB793E3D}.Release|x86.ActiveCfg = Release|x86
		{D826F366-006E-45C9-A9D9-FC47CB793E3D}.Release|x86.Build.0 = Release|x86
		{732B1F42-5367-441C-A415-048EBB6690DF}.Debug|Any CPU.ActiveCfg = Debug|x64
		{732B1F42-5367-441C-A415-048EBB6690DF}.Debug|Any CPU.Build.0 = Debug|x64
		{732B1F42-5367-441C-A415-048EBB6690DF}.Debug|Any CPU.Deploy.0 = Debug|x64
		{732B1F42-5367-441C-A415-048EBB6690DF}.Debug|ARM.ActiveCfg = Debug|ARM
		{732B1F42-5367-441C-A415-048EBB6690DF}.Debug|ARM.Build.0 = Debug|ARM
		{732B1F42-5367-441C-A415-048EBB6690DF}.Debug|ARM.Deploy.0 = Debug|ARM
		{732B1F42-5367-441C-A415-048EBB6690DF}.Debug|x64.ActiveCfg = Debug|x64
		{732B1F42-5367-441C-A415-048EBB6690DF}.Debug|x64.Build.0 = Debug|x64
		{732B1F42-5367-441C-A415-048EBB6690DF}.Debug|x64.Deploy.0 = Debug|x64
		{732B1F42-5367-441C-A415-048EBB6690DF}.Debug|x86.ActiveCfg = Debug|x86
		{732B1F42-5367-441C-A415-048EBB6690DF}.Debug|x86.Build.0 = Debug|x86
		{732B1F42-5367-441C-A415-048EBB6690DF}.Debug|x86.Deploy.0 = Debug|x86
		{732B1F42-5367-441C-A415-048EBB6690DF}.Release|Any CPU.ActiveCfg = Release|x86
		{732B1F42-5367-441C-A415-048EBB6690DF}.Release|ARM.ActiveCfg = Release|ARM
		{732B1F42-5367-441C-A415-048EBB6690DF}.Release|ARM.Build.0 = Release|ARM
		{732B1F42-5367-441C-A415-048EBB6690DF}.Release|ARM.Deploy.0 = Release|ARM
		{732B1F42-5367-441C-A415-048EBB6690DF}.Release|x64.ActiveCfg = Release|x64
		{732B1F42-5367-441C-A415-048EBB6690DF}.Release|x64.Build.0 = Release|x64
		{732B1F42-5367-441C-A415-048EBB6690DF}.Release|x64.Deploy.0 = Release|x64
		{732B1F42-5367-441C-A415-048EBB6690DF}.Release|x86.ActiveCfg = Release|x86
		{732B1F42-5367-441C-A415-048EBB6690DF}.Release|x86.Build.0 = Release|x86
		{732B1F42-5367-441C-A415-048EBB6690DF}.Release|x86.Deploy.0 = Release|x86
		{94F85FFC-35F7-4007-B06A-52E041AD9E12}.Debug|Any CPU.ActiveCfg = Debug|Any CPU
		{94F85FFC-35F7-4007-B06A-52E041AD9E12}.Debug|Any CPU.Build.0 = Debug|Any CPU
		{94F85FFC-35F7-4007-B06A-52E041AD9E12}.Debug|ARM.ActiveCfg = Debug|ARM
		{94F85FFC-35F7-4007-B06A-52E041AD9E12}.Debug|ARM.Build.0 = Debug|ARM
		{94F85FFC-35F7-4007-B06A-52E041AD9E12}.Debug|x64.ActiveCfg = Debug|x64
		{94F85FFC-35F7-4007-B06A-52E041AD9E12}.Debug|x64.Build.0 = Debug|x64
		{94F85FFC-35F7-4007-B06A-52E041AD9E12}.Debug|x86.ActiveCfg = Debug|x86
		{94F85FFC-35F7-4007-B06A-52E041AD9E12}.Debug|x86.Build.0 = Debug|x86
		{94F85FFC-35F7-4007-B06A-52E041AD9E12}.Release|Any CPU.ActiveCfg = Release|Any CPU
		{94F85FFC-35F7-4007-B06A-52E041AD9E12}.Release|Any CPU.Build.0 = Release|Any CPU
		{94F85FFC-35F7-4007-B06A-52E041AD9E12}.Release|ARM.ActiveCfg = Release|ARM
		{94F85FFC-35F7-4007-B06A-52E041AD9E12}.Release|ARM.Build.0 = Release|ARM
		{94F85FFC-35F7-4007-B06A-52E041AD9E12}.Release|x64.ActiveCfg = Release|x64
		{94F85FFC-35F7-4007-B06A-52E041AD9E12}.Release|x64.Build.0 = Release|x64
		{94F85FFC-35F7-4007-B06A-52E041AD9E12}.Release|x86.ActiveCfg = Release|x86
		{94F85FFC-35F7-4007-B06A-52E041AD9E12}.Release|x86.Build.0 = Release|x86
		{DF5797D7-1709-4C05-88DE-312FCED2AE41}.Debug|Any CPU.ActiveCfg = Debug|Any CPU
		{DF5797D7-1709-4C05-88DE-312FCED2AE41}.Debug|Any CPU.Build.0 = Debug|Any CPU
		{DF5797D7-1709-4C05-88DE-312FCED2AE41}.Debug|ARM.ActiveCfg = Debug|ARM
		{DF5797D7-1709-4C05-88DE-312FCED2AE41}.Debug|ARM.Build.0 = Debug|ARM
		{DF5797D7-1709-4C05-88DE-312FCED2AE41}.Debug|x64.ActiveCfg = Debug|x64
		{DF5797D7-1709-4C05-88DE-312FCED2AE41}.Debug|x64.Build.0 = Debug|x64
		{DF5797D7-1709-4C05-88DE-312FCED2AE41}.Debug|x86.ActiveCfg = Debug|x86
		{DF5797D7-1709-4C05-88DE-312FCED2AE41}.Debug|x86.Build.0 = Debug|x86
		{DF5797D7-1709-4C05-88DE-312FCED2AE41}.Release|Any CPU.ActiveCfg = Release|Any CPU
		{DF5797D7-1709-4C05-88DE-312FCED2AE41}.Release|Any CPU.Build.0 = Release|Any CPU
		{DF5797D7-1709-4C05-88DE-312FCED2AE41}.Release|ARM.ActiveCfg = Release|ARM
		{DF5797D7-1709-4C05-88DE-312FCED2AE41}.Release|ARM.Build.0 = Release|ARM
		{DF5797D7-1709-4C05-88DE-312FCED2AE41}.Release|x64.ActiveCfg = Release|x64
		{DF5797D7-1709-4C05-88DE-312FCED2AE41}.Release|x64.Build.0 = Release|x64
		{DF5797D7-1709-4C05-88DE-312FCED2AE41}.Release|x86.ActiveCfg = Release|x86
		{DF5797D7-1709-4C05-88DE-312FCED2AE41}.Release|x86.Build.0 = Release|x86
		{067AC9BD-F314-4E46-BF20-8991337127F0}.Debug|Any CPU.ActiveCfg = Debug|Any CPU
		{067AC9BD-F314-4E46-BF20-8991337127F0}.Debug|Any CPU.Build.0 = Debug|Any CPU
		{067AC9BD-F314-4E46-BF20-8991337127F0}.Debug|ARM.ActiveCfg = Debug|ARM
		{067AC9BD-F314-4E46-BF20-8991337127F0}.Debug|ARM.Build.0 = Debug|ARM
		{067AC9BD-F314-4E46-BF20-8991337127F0}.Debug|x64.ActiveCfg = Debug|x64
		{067AC9BD-F314-4E46-BF20-8991337127F0}.Debug|x64.Build.0 = Debug|x64
		{067AC9BD-F314-4E46-BF20-8991337127F0}.Debug|x86.ActiveCfg = Debug|x86
		{067AC9BD-F314-4E46-BF20-8991337127F0}.Debug|x86.Build.0 = Debug|x86
		{067AC9BD-F314-4E46-BF20-8991337127F0}.Release|Any CPU.ActiveCfg = Release|Any CPU
		{067AC9BD-F314-4E46-BF20-8991337127F0}.Release|Any CPU.Build.0 = Release|Any CPU
		{067AC9BD-F314-4E46-BF20-8991337127F0}.Release|ARM.ActiveCfg = Release|ARM
		{067AC9BD-F314-4E46-BF20-8991337127F0}.Release|ARM.Build.0 = Release|ARM
		{067AC9BD-F314-4E46-BF20-8991337127F0}.Release|x64.ActiveCfg = Release|x64
		{067AC9BD-F314-4E46-BF20-8991337127F0}.Release|x64.Build.0 = Release|x64
		{067AC9BD-F314-4E46-BF20-8991337127F0}.Release|x86.ActiveCfg = Release|x86
		{067AC9BD-F314-4E46-BF20-8991337127F0}.Release|x86.Build.0 = Release|x86
		{B80C01E4-F405-457F-9B98-8E258CB82085}.Debug|Any CPU.ActiveCfg = Debug|Any CPU
		{B80C01E4-F405-457F-9B98-8E258CB82085}.Debug|Any CPU.Build.0 = Debug|Any CPU
		{B80C01E4-F405-457F-9B98-8E258CB82085}.Debug|ARM.ActiveCfg = Debug|ARM
		{B80C01E4-F405-457F-9B98-8E258CB82085}.Debug|ARM.Build.0 = Debug|ARM
		{B80C01E4-F405-457F-9B98-8E258CB82085}.Debug|x64.ActiveCfg = Debug|x64
		{B80C01E4-F405-457F-9B98-8E258CB82085}.Debug|x64.Build.0 = Debug|x64
		{B80C01E4-F405-457F-9B98-8E258CB82085}.Debug|x86.ActiveCfg = Debug|x86
		{B80C01E4-F405-457F-9B98-8E258CB82085}.Debug|x86.Build.0 = Debug|x86
		{B80C01E4-F405-457F-9B98-8E258CB82085}.Release|Any CPU.ActiveCfg = Release|Any CPU
		{B80C01E4-F405-457F-9B98-8E258CB82085}.Release|Any CPU.Build.0 = Release|Any CPU
		{B80C01E4-F405-457F-9B98-8E258CB82085}.Release|ARM.ActiveCfg = Release|ARM
		{B80C01E4-F405-457F-9B98-8E258CB82085}.Release|ARM.Build.0 = Release|ARM
		{B80C01E4-F405-457F-9B98-8E258CB82085}.Release|x64.ActiveCfg = Release|x64
		{B80C01E4-F405-457F-9B98-8E258CB82085}.Release|x64.Build.0 = Release|x64
		{B80C01E4-F405-457F-9B98-8E258CB82085}.Release|x86.ActiveCfg = Release|x86
		{B80C01E4-F405-457F-9B98-8E258CB82085}.Release|x86.Build.0 = Release|x86
		{335DF153-A33E-4628-B9E3-03D30863CCA6}.Debug|Any CPU.ActiveCfg = Debug|Any CPU
		{335DF153-A33E-4628-B9E3-03D30863CCA6}.Debug|Any CPU.Build.0 = Debug|Any CPU
		{335DF153-A33E-4628-B9E3-03D30863CCA6}.Debug|ARM.ActiveCfg = Debug|ARM
		{335DF153-A33E-4628-B9E3-03D30863CCA6}.Debug|ARM.Build.0 = Debug|ARM
		{335DF153-A33E-4628-B9E3-03D30863CCA6}.Debug|x64.ActiveCfg = Debug|x64
		{335DF153-A33E-4628-B9E3-03D30863CCA6}.Debug|x64.Build.0 = Debug|x64
		{335DF153-A33E-4628-B9E3-03D30863CCA6}.Debug|x86.ActiveCfg = Debug|x86
		{335DF153-A33E-4628-B9E3-03D30863CCA6}.Debug|x86.Build.0 = Debug|x86
		{335DF153-A33E-4628-B9E3-03D30863CCA6}.Release|Any CPU.ActiveCfg = Release|Any CPU
		{335DF153-A33E-4628-B9E3-03D30863CCA6}.Release|Any CPU.Build.0 = Release|Any CPU
		{335DF153-A33E-4628-B9E3-03D30863CCA6}.Release|ARM.ActiveCfg = Release|ARM
		{335DF153-A33E-4628-B9E3-03D30863CCA6}.Release|ARM.Build.0 = Release|ARM
		{335DF153-A33E-4628-B9E3-03D30863CCA6}.Release|x64.ActiveCfg = Release|x64
		{335DF153-A33E-4628-B9E3-03D30863CCA6}.Release|x64.Build.0 = Release|x64
		{335DF153-A33E-4628-B9E3-03D30863CCA6}.Release|x86.ActiveCfg = Release|x86
		{335DF153-A33E-4628-B9E3-03D30863CCA6}.Release|x86.Build.0 = Release|x86
		{64C61CCE-D901-4191-8AB5-25273B6BFAFA}.Debug|Any CPU.ActiveCfg = Debug|Any CPU
		{64C61CCE-D901-4191-8AB5-25273B6BFAFA}.Debug|Any CPU.Build.0 = Debug|Any CPU
		{64C61CCE-D901-4191-8AB5-25273B6BFAFA}.Debug|ARM.ActiveCfg = Debug|ARM
		{64C61CCE-D901-4191-8AB5-25273B6BFAFA}.Debug|ARM.Build.0 = Debug|ARM
		{64C61CCE-D901-4191-8AB5-25273B6BFAFA}.Debug|x64.ActiveCfg = Debug|x64
		{64C61CCE-D901-4191-8AB5-25273B6BFAFA}.Debug|x64.Build.0 = Debug|x64
		{64C61CCE-D901-4191-8AB5-25273B6BFAFA}.Debug|x86.ActiveCfg = Debug|x86
		{64C61CCE-D901-4191-8AB5-25273B6BFAFA}.Debug|x86.Build.0 = Debug|x86
		{64C61CCE-D901-4191-8AB5-25273B6BFAFA}.Release|Any CPU.ActiveCfg = Release|Any CPU
		{64C61CCE-D901-4191-8AB5-25273B6BFAFA}.Release|Any CPU.Build.0 = Release|Any CPU
		{64C61CCE-D901-4191-8AB5-25273B6BFAFA}.Release|ARM.ActiveCfg = Release|ARM
		{64C61CCE-D901-4191-8AB5-25273B6BFAFA}.Release|ARM.Build.0 = Release|ARM
		{64C61CCE-D901-4191-8AB5-25273B6BFAFA}.Release|x64.ActiveCfg = Release|x64
		{64C61CCE-D901-4191-8AB5-25273B6BFAFA}.Release|x64.Build.0 = Release|x64
		{64C61CCE-D901-4191-8AB5-25273B6BFAFA}.Release|x86.ActiveCfg = Release|x86
		{64C61CCE-D901-4191-8AB5-25273B6BFAFA}.Release|x86.Build.0 = Release|x86
		{A12E149A-FE5C-4BF7-AEE9-858DF803D52F}.Debug|Any CPU.ActiveCfg = Debug|Any CPU
		{A12E149A-FE5C-4BF7-AEE9-858DF803D52F}.Debug|Any CPU.Build.0 = Debug|Any CPU
		{A12E149A-FE5C-4BF7-AEE9-858DF803D52F}.Debug|ARM.ActiveCfg = Debug|ARM
		{A12E149A-FE5C-4BF7-AEE9-858DF803D52F}.Debug|ARM.Build.0 = Debug|ARM
		{A12E149A-FE5C-4BF7-AEE9-858DF803D52F}.Debug|x64.ActiveCfg = Debug|x64
		{A12E149A-FE5C-4BF7-AEE9-858DF803D52F}.Debug|x64.Build.0 = Debug|x64
		{A12E149A-FE5C-4BF7-AEE9-858DF803D52F}.Debug|x86.ActiveCfg = Debug|x86
		{A12E149A-FE5C-4BF7-AEE9-858DF803D52F}.Debug|x86.Build.0 = Debug|x86
		{A12E149A-FE5C-4BF7-AEE9-858DF803D52F}.Release|Any CPU.ActiveCfg = Release|Any CPU
		{A12E149A-FE5C-4BF7-AEE9-858DF803D52F}.Release|Any CPU.Build.0 = Release|Any CPU
		{A12E149A-FE5C-4BF7-AEE9-858DF803D52F}.Release|ARM.ActiveCfg = Release|ARM
		{A12E149A-FE5C-4BF7-AEE9-858DF803D52F}.Release|ARM.Build.0 = Release|ARM
		{A12E149A-FE5C-4BF7-AEE9-858DF803D52F}.Release|x64.ActiveCfg = Release|x64
		{A12E149A-FE5C-4BF7-AEE9-858DF803D52F}.Release|x64.Build.0 = Release|x64
		{A12E149A-FE5C-4BF7-AEE9-858DF803D52F}.Release|x86.ActiveCfg = Release|x86
		{A12E149A-FE5C-4BF7-AEE9-858DF803D52F}.Release|x86.Build.0 = Release|x86
		{70C0E13C-CABA-4777-8801-CDFA7EFED31B}.Debug|Any CPU.ActiveCfg = Debug|x64
		{70C0E13C-CABA-4777-8801-CDFA7EFED31B}.Debug|Any CPU.Build.0 = Debug|x64
		{70C0E13C-CABA-4777-8801-CDFA7EFED31B}.Debug|Any CPU.Deploy.0 = Debug|x64
		{70C0E13C-CABA-4777-8801-CDFA7EFED31B}.Debug|ARM.ActiveCfg = Debug|ARM
		{70C0E13C-CABA-4777-8801-CDFA7EFED31B}.Debug|ARM.Build.0 = Debug|ARM
		{70C0E13C-CABA-4777-8801-CDFA7EFED31B}.Debug|ARM.Deploy.0 = Debug|ARM
		{70C0E13C-CABA-4777-8801-CDFA7EFED31B}.Debug|x64.ActiveCfg = Debug|x64
		{70C0E13C-CABA-4777-8801-CDFA7EFED31B}.Debug|x64.Build.0 = Debug|x64
		{70C0E13C-CABA-4777-8801-CDFA7EFED31B}.Debug|x64.Deploy.0 = Debug|x64
		{70C0E13C-CABA-4777-8801-CDFA7EFED31B}.Debug|x86.ActiveCfg = Debug|x86
		{70C0E13C-CABA-4777-8801-CDFA7EFED31B}.Debug|x86.Build.0 = Debug|x86
		{70C0E13C-CABA-4777-8801-CDFA7EFED31B}.Debug|x86.Deploy.0 = Debug|x86
		{70C0E13C-CABA-4777-8801-CDFA7EFED31B}.Release|Any CPU.ActiveCfg = Release|x86
		{70C0E13C-CABA-4777-8801-CDFA7EFED31B}.Release|ARM.ActiveCfg = Release|ARM
		{70C0E13C-CABA-4777-8801-CDFA7EFED31B}.Release|ARM.Build.0 = Release|ARM
		{70C0E13C-CABA-4777-8801-CDFA7EFED31B}.Release|ARM.Deploy.0 = Release|ARM
		{70C0E13C-CABA-4777-8801-CDFA7EFED31B}.Release|x64.ActiveCfg = Release|x64
		{70C0E13C-CABA-4777-8801-CDFA7EFED31B}.Release|x64.Build.0 = Release|x64
		{70C0E13C-CABA-4777-8801-CDFA7EFED31B}.Release|x64.Deploy.0 = Release|x64
		{70C0E13C-CABA-4777-8801-CDFA7EFED31B}.Release|x86.ActiveCfg = Release|x86
		{70C0E13C-CABA-4777-8801-CDFA7EFED31B}.Release|x86.Build.0 = Release|x86
		{70C0E13C-CABA-4777-8801-CDFA7EFED31B}.Release|x86.Deploy.0 = Release|x86
		{C6987C0B-6676-4D69-A486-0132AA6D5817}.Debug|Any CPU.ActiveCfg = Debug|Any CPU
		{C6987C0B-6676-4D69-A486-0132AA6D5817}.Debug|Any CPU.Build.0 = Debug|Any CPU
		{C6987C0B-6676-4D69-A486-0132AA6D5817}.Debug|ARM.ActiveCfg = Debug|ARM
		{C6987C0B-6676-4D69-A486-0132AA6D5817}.Debug|ARM.Build.0 = Debug|ARM
		{C6987C0B-6676-4D69-A486-0132AA6D5817}.Debug|x64.ActiveCfg = Debug|x64
		{C6987C0B-6676-4D69-A486-0132AA6D5817}.Debug|x64.Build.0 = Debug|x64
		{C6987C0B-6676-4D69-A486-0132AA6D5817}.Debug|x86.ActiveCfg = Debug|x86
		{C6987C0B-6676-4D69-A486-0132AA6D5817}.Debug|x86.Build.0 = Debug|x86
		{C6987C0B-6676-4D69-A486-0132AA6D5817}.Release|Any CPU.ActiveCfg = Release|Any CPU
		{C6987C0B-6676-4D69-A486-0132AA6D5817}.Release|Any CPU.Build.0 = Release|Any CPU
		{C6987C0B-6676-4D69-A486-0132AA6D5817}.Release|ARM.ActiveCfg = Release|ARM
		{C6987C0B-6676-4D69-A486-0132AA6D5817}.Release|ARM.Build.0 = Release|ARM
		{C6987C0B-6676-4D69-A486-0132AA6D5817}.Release|x64.ActiveCfg = Release|x64
		{C6987C0B-6676-4D69-A486-0132AA6D5817}.Release|x64.Build.0 = Release|x64
		{C6987C0B-6676-4D69-A486-0132AA6D5817}.Release|x86.ActiveCfg = Release|x86
		{C6987C0B-6676-4D69-A486-0132AA6D5817}.Release|x86.Build.0 = Release|x86
		{8150C19F-5151-47F7-B169-ECCCF27CC2E5}.Debug|Any CPU.ActiveCfg = Debug|Any CPU
		{8150C19F-5151-47F7-B169-ECCCF27CC2E5}.Debug|Any CPU.Build.0 = Debug|Any CPU
		{8150C19F-5151-47F7-B169-ECCCF27CC2E5}.Debug|ARM.ActiveCfg = Debug|ARM
		{8150C19F-5151-47F7-B169-ECCCF27CC2E5}.Debug|ARM.Build.0 = Debug|ARM
		{8150C19F-5151-47F7-B169-ECCCF27CC2E5}.Debug|x64.ActiveCfg = Debug|x64
		{8150C19F-5151-47F7-B169-ECCCF27CC2E5}.Debug|x64.Build.0 = Debug|x64
		{8150C19F-5151-47F7-B169-ECCCF27CC2E5}.Debug|x86.ActiveCfg = Debug|x86
		{8150C19F-5151-47F7-B169-ECCCF27CC2E5}.Debug|x86.Build.0 = Debug|x86
		{8150C19F-5151-47F7-B169-ECCCF27CC2E5}.Release|Any CPU.ActiveCfg = Release|Any CPU
		{8150C19F-5151-47F7-B169-ECCCF27CC2E5}.Release|Any CPU.Build.0 = Release|Any CPU
		{8150C19F-5151-47F7-B169-ECCCF27CC2E5}.Release|ARM.ActiveCfg = Release|ARM
		{8150C19F-5151-47F7-B169-ECCCF27CC2E5}.Release|ARM.Build.0 = Release|ARM
		{8150C19F-5151-47F7-B169-ECCCF27CC2E5}.Release|x64.ActiveCfg = Release|x64
		{8150C19F-5151-47F7-B169-ECCCF27CC2E5}.Release|x64.Build.0 = Release|x64
		{8150C19F-5151-47F7-B169-ECCCF27CC2E5}.Release|x86.ActiveCfg = Release|x86
		{8150C19F-5151-47F7-B169-ECCCF27CC2E5}.Release|x86.Build.0 = Release|x86
		{D04360B2-B477-494D-B046-F681D4A51366}.Debug|Any CPU.ActiveCfg = Debug|Any CPU
		{D04360B2-B477-494D-B046-F681D4A51366}.Debug|Any CPU.Build.0 = Debug|Any CPU
		{D04360B2-B477-494D-B046-F681D4A51366}.Debug|ARM.ActiveCfg = Debug|ARM
		{D04360B2-B477-494D-B046-F681D4A51366}.Debug|ARM.Build.0 = Debug|ARM
		{D04360B2-B477-494D-B046-F681D4A51366}.Debug|x64.ActiveCfg = Debug|x64
		{D04360B2-B477-494D-B046-F681D4A51366}.Debug|x64.Build.0 = Debug|x64
		{D04360B2-B477-494D-B046-F681D4A51366}.Debug|x86.ActiveCfg = Debug|x86
		{D04360B2-B477-494D-B046-F681D4A51366}.Debug|x86.Build.0 = Debug|x86
		{D04360B2-B477-494D-B046-F681D4A51366}.Release|Any CPU.ActiveCfg = Release|Any CPU
		{D04360B2-B477-494D-B046-F681D4A51366}.Release|Any CPU.Build.0 = Release|Any CPU
		{D04360B2-B477-494D-B046-F681D4A51366}.Release|ARM.ActiveCfg = Release|ARM
		{D04360B2-B477-494D-B046-F681D4A51366}.Release|ARM.Build.0 = Release|ARM
		{D04360B2-B477-494D-B046-F681D4A51366}.Release|x64.ActiveCfg = Release|x64
		{D04360B2-B477-494D-B046-F681D4A51366}.Release|x64.Build.0 = Release|x64
		{D04360B2-B477-494D-B046-F681D4A51366}.Release|x86.ActiveCfg = Release|x86
		{D04360B2-B477-494D-B046-F681D4A51366}.Release|x86.Build.0 = Release|x86
		{49195127-CF6C-451A-9EAF-BD14ED1F9937}.Debug|Any CPU.ActiveCfg = Debug|Any CPU
		{49195127-CF6C-451A-9EAF-BD14ED1F9937}.Debug|Any CPU.Build.0 = Debug|Any CPU
		{49195127-CF6C-451A-9EAF-BD14ED1F9937}.Debug|ARM.ActiveCfg = Debug|ARM
		{49195127-CF6C-451A-9EAF-BD14ED1F9937}.Debug|ARM.Build.0 = Debug|ARM
		{49195127-CF6C-451A-9EAF-BD14ED1F9937}.Debug|x64.ActiveCfg = Debug|x64
		{49195127-CF6C-451A-9EAF-BD14ED1F9937}.Debug|x64.Build.0 = Debug|x64
		{49195127-CF6C-451A-9EAF-BD14ED1F9937}.Debug|x86.ActiveCfg = Debug|x86
		{49195127-CF6C-451A-9EAF-BD14ED1F9937}.Debug|x86.Build.0 = Debug|x86
		{49195127-CF6C-451A-9EAF-BD14ED1F9937}.Release|Any CPU.ActiveCfg = Release|Any CPU
		{49195127-CF6C-451A-9EAF-BD14ED1F9937}.Release|Any CPU.Build.0 = Release|Any CPU
		{49195127-CF6C-451A-9EAF-BD14ED1F9937}.Release|ARM.ActiveCfg = Release|ARM
		{49195127-CF6C-451A-9EAF-BD14ED1F9937}.Release|ARM.Build.0 = Release|ARM
		{49195127-CF6C-451A-9EAF-BD14ED1F9937}.Release|x64.ActiveCfg = Release|x64
		{49195127-CF6C-451A-9EAF-BD14ED1F9937}.Release|x64.Build.0 = Release|x64
		{49195127-CF6C-451A-9EAF-BD14ED1F9937}.Release|x86.ActiveCfg = Release|x86
		{49195127-CF6C-451A-9EAF-BD14ED1F9937}.Release|x86.Build.0 = Release|x86
		{0762420C-0870-4A23-BE4E-0D7CE21DD451}.Debug|Any CPU.ActiveCfg = Debug|Any CPU
		{0762420C-0870-4A23-BE4E-0D7CE21DD451}.Debug|Any CPU.Build.0 = Debug|Any CPU
		{0762420C-0870-4A23-BE4E-0D7CE21DD451}.Debug|ARM.ActiveCfg = Debug|ARM
		{0762420C-0870-4A23-BE4E-0D7CE21DD451}.Debug|ARM.Build.0 = Debug|ARM
		{0762420C-0870-4A23-BE4E-0D7CE21DD451}.Debug|x64.ActiveCfg = Debug|x64
		{0762420C-0870-4A23-BE4E-0D7CE21DD451}.Debug|x64.Build.0 = Debug|x64
		{0762420C-0870-4A23-BE4E-0D7CE21DD451}.Debug|x86.ActiveCfg = Debug|x86
		{0762420C-0870-4A23-BE4E-0D7CE21DD451}.Debug|x86.Build.0 = Debug|x86
		{0762420C-0870-4A23-BE4E-0D7CE21DD451}.Release|Any CPU.ActiveCfg = Release|Any CPU
		{0762420C-0870-4A23-BE4E-0D7CE21DD451}.Release|Any CPU.Build.0 = Release|Any CPU
		{0762420C-0870-4A23-BE4E-0D7CE21DD451}.Release|ARM.ActiveCfg = Release|ARM
		{0762420C-0870-4A23-BE4E-0D7CE21DD451}.Release|ARM.Build.0 = Release|ARM
		{0762420C-0870-4A23-BE4E-0D7CE21DD451}.Release|x64.ActiveCfg = Release|x64
		{0762420C-0870-4A23-BE4E-0D7CE21DD451}.Release|x64.Build.0 = Release|x64
		{0762420C-0870-4A23-BE4E-0D7CE21DD451}.Release|x86.ActiveCfg = Release|x86
		{0762420C-0870-4A23-BE4E-0D7CE21DD451}.Release|x86.Build.0 = Release|x86
		{F696AE4E-EBB6-41EA-A39C-5E3FDBDAD983}.Debug|Any CPU.ActiveCfg = Debug|Any CPU
		{F696AE4E-EBB6-41EA-A39C-5E3FDBDAD983}.Debug|Any CPU.Build.0 = Debug|Any CPU
		{F696AE4E-EBB6-41EA-A39C-5E3FDBDAD983}.Debug|ARM.ActiveCfg = Debug|ARM
		{F696AE4E-EBB6-41EA-A39C-5E3FDBDAD983}.Debug|ARM.Build.0 = Debug|ARM
		{F696AE4E-EBB6-41EA-A39C-5E3FDBDAD983}.Debug|x64.ActiveCfg = Debug|x64
		{F696AE4E-EBB6-41EA-A39C-5E3FDBDAD983}.Debug|x64.Build.0 = Debug|x64
		{F696AE4E-EBB6-41EA-A39C-5E3FDBDAD983}.Debug|x86.ActiveCfg = Debug|x86
		{F696AE4E-EBB6-41EA-A39C-5E3FDBDAD983}.Debug|x86.Build.0 = Debug|x86
		{F696AE4E-EBB6-41EA-A39C-5E3FDBDAD983}.Release|Any CPU.ActiveCfg = Release|Any CPU
		{F696AE4E-EBB6-41EA-A39C-5E3FDBDAD983}.Release|Any CPU.Build.0 = Release|Any CPU
		{F696AE4E-EBB6-41EA-A39C-5E3FDBDAD983}.Release|ARM.ActiveCfg = Release|ARM
		{F696AE4E-EBB6-41EA-A39C-5E3FDBDAD983}.Release|ARM.Build.0 = Release|ARM
		{F696AE4E-EBB6-41EA-A39C-5E3FDBDAD983}.Release|x64.ActiveCfg = Release|x64
		{F696AE4E-EBB6-41EA-A39C-5E3FDBDAD983}.Release|x64.Build.0 = Release|x64
		{F696AE4E-EBB6-41EA-A39C-5E3FDBDAD983}.Release|x86.ActiveCfg = Release|x86
		{F696AE4E-EBB6-41EA-A39C-5E3FDBDAD983}.Release|x86.Build.0 = Release|x86
		{B7C6EBC7-9E5F-4D59-9E18-EB4FEF97043B}.Debug|Any CPU.ActiveCfg = Debug|Any CPU
		{B7C6EBC7-9E5F-4D59-9E18-EB4FEF97043B}.Debug|Any CPU.Build.0 = Debug|Any CPU
		{B7C6EBC7-9E5F-4D59-9E18-EB4FEF97043B}.Debug|ARM.ActiveCfg = Debug|ARM
		{B7C6EBC7-9E5F-4D59-9E18-EB4FEF97043B}.Debug|ARM.Build.0 = Debug|ARM
		{B7C6EBC7-9E5F-4D59-9E18-EB4FEF97043B}.Debug|x64.ActiveCfg = Debug|x64
		{B7C6EBC7-9E5F-4D59-9E18-EB4FEF97043B}.Debug|x64.Build.0 = Debug|x64
		{B7C6EBC7-9E5F-4D59-9E18-EB4FEF97043B}.Debug|x86.ActiveCfg = Debug|x86
		{B7C6EBC7-9E5F-4D59-9E18-EB4FEF97043B}.Debug|x86.Build.0 = Debug|x86
		{B7C6EBC7-9E5F-4D59-9E18-EB4FEF97043B}.Release|Any CPU.ActiveCfg = Release|Any CPU
		{B7C6EBC7-9E5F-4D59-9E18-EB4FEF97043B}.Release|Any CPU.Build.0 = Release|Any CPU
		{B7C6EBC7-9E5F-4D59-9E18-EB4FEF97043B}.Release|ARM.ActiveCfg = Release|ARM
		{B7C6EBC7-9E5F-4D59-9E18-EB4FEF97043B}.Release|ARM.Build.0 = Release|ARM
		{B7C6EBC7-9E5F-4D59-9E18-EB4FEF97043B}.Release|x64.ActiveCfg = Release|x64
		{B7C6EBC7-9E5F-4D59-9E18-EB4FEF97043B}.Release|x64.Build.0 = Release|x64
		{B7C6EBC7-9E5F-4D59-9E18-EB4FEF97043B}.Release|x86.ActiveCfg = Release|x86
		{B7C6EBC7-9E5F-4D59-9E18-EB4FEF97043B}.Release|x86.Build.0 = Release|x86
		{2D8B251F-77B3-4F13-BEA9-21E1ED5E0936}.Debug|Any CPU.ActiveCfg = Debug|Any CPU
		{2D8B251F-77B3-4F13-BEA9-21E1ED5E0936}.Debug|Any CPU.Build.0 = Debug|Any CPU
		{2D8B251F-77B3-4F13-BEA9-21E1ED5E0936}.Debug|ARM.ActiveCfg = Debug|ARM
		{2D8B251F-77B3-4F13-BEA9-21E1ED5E0936}.Debug|ARM.Build.0 = Debug|ARM
		{2D8B251F-77B3-4F13-BEA9-21E1ED5E0936}.Debug|x64.ActiveCfg = Debug|x64
		{2D8B251F-77B3-4F13-BEA9-21E1ED5E0936}.Debug|x64.Build.0 = Debug|x64
		{2D8B251F-77B3-4F13-BEA9-21E1ED5E0936}.Debug|x86.ActiveCfg = Debug|x86
		{2D8B251F-77B3-4F13-BEA9-21E1ED5E0936}.Debug|x86.Build.0 = Debug|x86
		{2D8B251F-77B3-4F13-BEA9-21E1ED5E0936}.Release|Any CPU.ActiveCfg = Release|Any CPU
		{2D8B251F-77B3-4F13-BEA9-21E1ED5E0936}.Release|Any CPU.Build.0 = Release|Any CPU
		{2D8B251F-77B3-4F13-BEA9-21E1ED5E0936}.Release|ARM.ActiveCfg = Release|ARM
		{2D8B251F-77B3-4F13-BEA9-21E1ED5E0936}.Release|ARM.Build.0 = Release|ARM
		{2D8B251F-77B3-4F13-BEA9-21E1ED5E0936}.Release|x64.ActiveCfg = Release|x64
		{2D8B251F-77B3-4F13-BEA9-21E1ED5E0936}.Release|x64.Build.0 = Release|x64
		{2D8B251F-77B3-4F13-BEA9-21E1ED5E0936}.Release|x86.ActiveCfg = Release|x86
		{2D8B251F-77B3-4F13-BEA9-21E1ED5E0936}.Release|x86.Build.0 = Release|x86
	EndGlobalSection
	GlobalSection(SolutionProperties) = preSolution
		HideSolutionNode = FALSE
	EndGlobalSection
EndGlobal
